
Microsoft Visual Studio Solution File, Format Version 12.00
# Visual Studio Version 16
VisualStudioVersion = 16.0.30621.155
MinimumVisualStudioVersion = 10.0.40219.1
Project("{9A19103F-16F7-4668-BE54-9A1E7A4F7556}") = "WebOnline", "WebOnline.csproj", "{4E7771D2-6006-4B3D-8C8F-1A37D4E01181}"
	ProjectSection(ProjectDependencies) = postProject
		{50CD90FA-64CB-40EE-AD36-FCE6BBA0C510} = {50CD90FA-64CB-40EE-AD36-FCE6BBA0C510}
	EndProjectSection
EndProject
Project("{FAE04EC0-301F-11D3-BF4B-00C04F79EFBC}") = "Webonline.Data", "..\Webonline.Data\Webonline.Data.csproj", "{50CD90FA-64CB-40EE-AD36-FCE6BBA0C510}"
EndProject
Project("{FAE04EC0-301F-11D3-BF4B-00C04F79EFBC}") = "WebOnline.Applica", "..\ClassLibrary1\WebOnline.Applica.csproj", "{13B65B0C-E080-4E5A-AB14-A4AB0625187B}"
EndProject
Project("{FAE04EC0-301F-11D3-BF4B-00C04F79EFBC}") = "WebOnline.ViewModel", "..\WebOnline.ViewModel\WebOnline.ViewModel.csproj", "{070153F4-6647-43B5-BDC0-EA66CB326259}"
EndProject
Global
	GlobalSection(SolutionConfigurationPlatforms) = preSolution
		Debug|Any CPU = Debug|Any CPU
		Release|Any CPU = Release|Any CPU
	EndGlobalSection
	GlobalSection(ProjectConfigurationPlatforms) = postSolution
		{4E7771D2-6006-4B3D-8C8F-1A37D4E01181}.Debug|Any CPU.ActiveCfg = Debug|Any CPU
		{4E7771D2-6006-4B3D-8C8F-1A37D4E01181}.Debug|Any CPU.Build.0 = Debug|Any CPU
		{4E7771D2-6006-4B3D-8C8F-1A37D4E01181}.Release|Any CPU.ActiveCfg = Release|Any CPU
		{4E7771D2-6006-4B3D-8C8F-1A37D4E01181}.Release|Any CPU.Build.0 = Release|Any CPU
		{50CD90FA-64CB-40EE-AD36-FCE6BBA0C510}.Debug|Any CPU.ActiveCfg = Debug|Any CPU
		{50CD90FA-64CB-40EE-AD36-FCE6BBA0C510}.Debug|Any CPU.Build.0 = Debug|Any CPU
		{50CD90FA-64CB-40EE-AD36-FCE6BBA0C510}.Release|Any CPU.ActiveCfg = Release|Any CPU
		{50CD90FA-64CB-40EE-AD36-FCE6BBA0C510}.Release|Any CPU.Build.0 = Release|Any CPU
		{13B65B0C-E080-4E5A-AB14-A4AB0625187B}.Debug|Any CPU.ActiveCfg = Debug|Any CPU
		{13B65B0C-E080-4E5A-AB14-A4AB0625187B}.Debug|Any CPU.Build.0 = Debug|Any CPU
		{13B65B0C-E080-4E5A-AB14-A4AB0625187B}.Release|Any CPU.ActiveCfg = Release|Any CPU
		{13B65B0C-E080-4E5A-AB14-A4AB0625187B}.Release|Any CPU.Build.0 = Release|Any CPU
		{070153F4-6647-43B5-BDC0-EA66CB326259}.Debug|Any CPU.ActiveCfg = Debug|Any CPU
		{070153F4-6647-43B5-BDC0-EA66CB326259}.Debug|Any CPU.Build.0 = Debug|Any CPU
		{070153F4-6647-43B5-BDC0-EA66CB326259}.Release|Any CPU.ActiveCfg = Release|Any CPU
		{070153F4-6647-43B5-BDC0-EA66CB326259}.Release|Any CPU.Build.0 = Release|Any CPU
	EndGlobalSection
	GlobalSection(SolutionProperties) = preSolution
		HideSolutionNode = FALSE
	EndGlobalSection
	GlobalSection(ExtensibilityGlobals) = postSolution
		SolutionGuid = {DD365C91-8183-44A2-8134-6418DECB256F}
	EndGlobalSection
EndGlobal
